
Microsoft Visual Studio Solution File, Format Version 12.00
# Visual Studio Version 16
VisualStudioVersion = 16.0.30517.126
MinimumVisualStudioVersion = 10.0.40219.1
Project("{FAE04EC0-301F-11D3-BF4B-00C04F79EFBC}") = "CardsGameServer", "CardsGameServer\CardsGameServer.csproj", "{EE3A5856-1043-405E-89BD-D0E174AE7C68}"
EndProject
Global
	GlobalSection(SolutionConfigurationPlatforms) = preSolution
		Debug|Any CPU = Debug|Any CPU
		Release|Any CPU = Release|Any CPU
	EndGlobalSection
	GlobalSection(ProjectConfigurationPlatforms) = postSolution
		{EE3A5856-1043-405E-89BD-D0E174AE7C68}.Debug|Any CPU.ActiveCfg = Debug|Any CPU
		{EE3A5856-1043-405E-89BD-D0E174AE7C68}.Debug|Any CPU.Build.0 = Debug|Any CPU
		{EE3A5856-1043-405E-89BD-D0E174AE7C68}.Release|Any CPU.ActiveCfg = Release|Any CPU
		{EE3A5856-1043-405E-89BD-D0E174AE7C68}.Release|Any CPU.Build.0 = Release|Any CPU
	EndGlobalSection
	GlobalSection(SolutionProperties) = preSolution
		HideSolutionNode = FALSE
	EndGlobalSection
	GlobalSection(ExtensibilityGlobals) = postSolution
		SolutionGuid = {B2634897-447A-4BB0-8084-988C74CB518F}
	EndGlobalSection
EndGlobal
